
Microsoft Visual Studio Solution File, Format Version 12.00
# Visual Studio Version 17
VisualStudioVersion = 17.4.33213.308
MinimumVisualStudioVersion = 10.0.40219.1
Project("{FAE04EC0-301F-11D3-BF4B-00C04F79EFBC}") = "Client", "Client\Client.csproj", "{49B05C20-41F9-45F8-A3BA-0DC1B6C279AB}"
EndProject
Project("{FAE04EC0-301F-11D3-BF4B-00C04F79EFBC}") = "Server", "Server\Server.csproj", "{11743041-F58C-46BE-90BA-6CA60F519ED2}"
EndProject
Project("{FAE04EC0-301F-11D3-BF4B-00C04F79EFBC}") = "Client_Udp", "Client_Udp\Client_Udp.csproj", "{A04DB79F-6F48-4860-AD33-1FFE1EC40C33}"
EndProject
Project("{FAE04EC0-301F-11D3-BF4B-00C04F79EFBC}") = "Server_Udp", "Server_Udp\Server_Udp.csproj", "{7D744E43-CC00-4FD8-85BE-F92925298AEE}"
EndProject
Global
	GlobalSection(SolutionConfigurationPlatforms) = preSolution
		Debug|Any CPU = Debug|Any CPU
		Release|Any CPU = Release|Any CPU
	EndGlobalSection
	GlobalSection(ProjectConfigurationPlatforms) = postSolution
		{49B05C20-41F9-45F8-A3BA-0DC1B6C279AB}.Debug|Any CPU.ActiveCfg = Debug|Any CPU
		{49B05C20-41F9-45F8-A3BA-0DC1B6C279AB}.Debug|Any CPU.Build.0 = Debug|Any CPU
		{49B05C20-41F9-45F8-A3BA-0DC1B6C279AB}.Release|Any CPU.ActiveCfg = Release|Any CPU
		{49B05C20-41F9-45F8-A3BA-0DC1B6C279AB}.Release|Any CPU.Build.0 = Release|Any CPU
		{11743041-F58C-46BE-90BA-6CA60F519ED2}.Debug|Any CPU.ActiveCfg = Debug|Any CPU
		{11743041-F58C-46BE-90BA-6CA60F519ED2}.Debug|Any CPU.Build.0 = Debug|Any CPU
		{11743041-F58C-46BE-90BA-6CA60F519ED2}.Release|Any CPU.ActiveCfg = Release|Any CPU
		{11743041-F58C-46BE-90BA-6CA60F519ED2}.Release|Any CPU.Build.0 = Release|Any CPU
		{A04DB79F-6F48-4860-AD33-1FFE1EC40C33}.Debug|Any CPU.ActiveCfg = Debug|Any CPU
		{A04DB79F-6F48-4860-AD33-1FFE1EC40C33}.Debug|Any CPU.Build.0 = Debug|Any CPU
		{A04DB79F-6F48-4860-AD33-1FFE1EC40C33}.Release|Any CPU.ActiveCfg = Release|Any CPU
		{A04DB79F-6F48-4860-AD33-1FFE1EC40C33}.Release|Any CPU.Build.0 = Release|Any CPU
		{7D744E43-CC00-4FD8-85BE-F92925298AEE}.Debug|Any CPU.ActiveCfg = Debug|Any CPU
		{7D744E43-CC00-4FD8-85BE-F92925298AEE}.Debug|Any CPU.Build.0 = Debug|Any CPU
		{7D744E43-CC00-4FD8-85BE-F92925298AEE}.Release|Any CPU.ActiveCfg = Release|Any CPU
		{7D744E43-CC00-4FD8-85BE-F92925298AEE}.Release|Any CPU.Build.0 = Release|Any CPU
	EndGlobalSection
	GlobalSection(SolutionProperties) = preSolution
		HideSolutionNode = FALSE
	EndGlobalSection
	GlobalSection(ExtensibilityGlobals) = postSolution
		SolutionGuid = {FEE6A47D-201F-469B-BF76-01452FD786BD}
	EndGlobalSection
EndGlobal
