
Microsoft Visual Studio Solution File, Format Version 12.00
# Visual Studio Version 17
VisualStudioVersion = 17.13.35825.156 d17.13
MinimumVisualStudioVersion = 10.0.40219.1
Project("{FAE04EC0-301F-11D3-BF4B-00C04F79EFBC}") = "01_WebClient", "01_WebClient\01_WebClient.csproj", "{C2F2EFA7-096F-421B-87FD-5D54A9B07B74}"
EndProject
Global
	GlobalSection(SolutionConfigurationPlatforms) = preSolution
		Debug|Any CPU = Debug|Any CPU
		Release|Any CPU = Release|Any CPU
	EndGlobalSection
	GlobalSection(ProjectConfigurationPlatforms) = postSolution
		{C2F2EFA7-096F-421B-87FD-5D54A9B07B74}.Debug|Any CPU.ActiveCfg = Debug|Any CPU
		{C2F2EFA7-096F-421B-87FD-5D54A9B07B74}.Debug|Any CPU.Build.0 = Debug|Any CPU
		{C2F2EFA7-096F-421B-87FD-5D54A9B07B74}.Release|Any CPU.ActiveCfg = Release|Any CPU
		{C2F2EFA7-096F-421B-87FD-5D54A9B07B74}.Release|Any CPU.Build.0 = Release|Any CPU
	EndGlobalSection
	GlobalSection(SolutionProperties) = preSolution
		HideSolutionNode = FALSE
	EndGlobalSection
	GlobalSection(ExtensibilityGlobals) = postSolution
		SolutionGuid = {106A8D7D-C308-4833-A581-003E66236803}
	EndGlobalSection
EndGlobal
