
Microsoft Visual Studio Solution File, Format Version 12.00
# Visual Studio Version 17
VisualStudioVersion = 17.4.33213.308
MinimumVisualStudioVersion = 10.0.40219.1
Project("{FAE04EC0-301F-11D3-BF4B-00C04F79EFBC}") = "Client", "Client\Client.csproj", "{9ECC91D0-8962-4E33-B78C-1CF5D06B02A9}"
EndProject
Project("{FAE04EC0-301F-11D3-BF4B-00C04F79EFBC}") = "Server", "Server\Server.csproj", "{BF677F1F-97F7-461B-8CB9-F8D0BE3868EA}"
EndProject
Global
	GlobalSection(SolutionConfigurationPlatforms) = preSolution
		Debug|Any CPU = Debug|Any CPU
		Release|Any CPU = Release|Any CPU
	EndGlobalSection
	GlobalSection(ProjectConfigurationPlatforms) = postSolution
		{9ECC91D0-8962-4E33-B78C-1CF5D06B02A9}.Debug|Any CPU.ActiveCfg = Debug|Any CPU
		{9ECC91D0-8962-4E33-B78C-1CF5D06B02A9}.Debug|Any CPU.Build.0 = Debug|Any CPU
		{9ECC91D0-8962-4E33-B78C-1CF5D06B02A9}.Release|Any CPU.ActiveCfg = Release|Any CPU
		{9ECC91D0-8962-4E33-B78C-1CF5D06B02A9}.Release|Any CPU.Build.0 = Release|Any CPU
		{BF677F1F-97F7-461B-8CB9-F8D0BE3868EA}.Debug|Any CPU.ActiveCfg = Debug|Any CPU
		{BF677F1F-97F7-461B-8CB9-F8D0BE3868EA}.Debug|Any CPU.Build.0 = Debug|Any CPU
		{BF677F1F-97F7-461B-8CB9-F8D0BE3868EA}.Release|Any CPU.ActiveCfg = Release|Any CPU
		{BF677F1F-97F7-461B-8CB9-F8D0BE3868EA}.Release|Any CPU.Build.0 = Release|Any CPU
	EndGlobalSection
	GlobalSection(SolutionProperties) = preSolution
		HideSolutionNode = FALSE
	EndGlobalSection
	GlobalSection(ExtensibilityGlobals) = postSolution
		SolutionGuid = {CC0C2B3B-CCB3-4F67-BFF8-BC970FA8A170}
	EndGlobalSection
EndGlobal
